
Microsoft Visual Studio Solution File, Format Version 12.00
# Visual Studio Version 17
VisualStudioVersion = 17.3.32922.545
MinimumVisualStudioVersion = 10.0.40219.1
Project("{FAE04EC0-301F-11D3-BF4B-00C04F79EFBC}") = "Chess", "Chess\Chess.csproj", "{210EB9EC-F731-464B-899A-1759376B0296}"
EndProject
Global
	GlobalSection(SolutionConfigurationPlatforms) = preSolution
		Debug|Any CPU = Debug|Any CPU
		Release|Any CPU = Release|Any CPU
	EndGlobalSection
	GlobalSection(ProjectConfigurationPlatforms) = postSolution
		{210EB9EC-F731-464B-899A-1759376B0296}.Debug|Any CPU.ActiveCfg = Debug|Any CPU
		{210EB9EC-F731-464B-899A-1759376B0296}.Debug|Any CPU.Build.0 = Debug|Any CPU
		{210EB9EC-F731-464B-899A-1759376B0296}.Release|Any CPU.ActiveCfg = Release|Any CPU
		{210EB9EC-F731-464B-899A-1759376B0296}.Release|Any CPU.Build.0 = Release|Any CPU
	EndGlobalSection
	GlobalSection(SolutionProperties) = preSolution
		HideSolutionNode = FALSE
	EndGlobalSection
	GlobalSection(ExtensibilityGlobals) = postSolution
		SolutionGuid = {222A7F2F-5A7E-4CF7-BCF5-7AA306700EAA}
	EndGlobalSection
EndGlobal
